
Microsoft Visual Studio Solution File, Format Version 12.00
# Visual Studio Version 17
VisualStudioVersion = 17.8.34525.116
MinimumVisualStudioVersion = 10.0.40219.1
Project("{9A19103F-16F7-4668-BE54-9A1E7A4F7556}") = "Neural-Nexus-Nebula", "Neural-Nexus-Nebula.csproj", "{B3FC5F56-25F8-41C8-8F23-C06CCA341C83}"
EndProject
Global
	GlobalSection(SolutionConfigurationPlatforms) = preSolution
		Debug|Any CPU = Debug|Any CPU
		Release|Any CPU = Release|Any CPU
	EndGlobalSection
	GlobalSection(ProjectConfigurationPlatforms) = postSolution
		{B3FC5F56-25F8-41C8-8F23-C06CCA341C83}.Debug|Any CPU.ActiveCfg = Debug|Any CPU
		{B3FC5F56-25F8-41C8-8F23-C06CCA341C83}.Debug|Any CPU.Build.0 = Debug|Any CPU
		{B3FC5F56-25F8-41C8-8F23-C06CCA341C83}.Release|Any CPU.ActiveCfg = Release|Any CPU
		{B3FC5F56-25F8-41C8-8F23-C06CCA341C83}.Release|Any CPU.Build.0 = Release|Any CPU
	EndGlobalSection
	GlobalSection(SolutionProperties) = preSolution
		HideSolutionNode = FALSE
	EndGlobalSection
	GlobalSection(ExtensibilityGlobals) = postSolution
		SolutionGuid = {3A693A04-990F-406A-83CE-30565AD78416}
	EndGlobalSection
EndGlobal
